
Microsoft Visual Studio Solution File, Format Version 12.00
# Visual Studio Version 17
VisualStudioVersion = 17.3.32825.248
MinimumVisualStudioVersion = 10.0.40219.1
Project("{FAE04EC0-301F-11D3-BF4B-00C04F79EFBC}") = "Ex_1", "Ex_1\Ex_1.csproj", "{F496EBD2-3E23-4747-96C6-F615A5EA0BB1}"
EndProject
Global
	GlobalSection(SolutionConfigurationPlatforms) = preSolution
		Debug|Any CPU = Debug|Any CPU
		Release|Any CPU = Release|Any CPU
	EndGlobalSection
	GlobalSection(ProjectConfigurationPlatforms) = postSolution
		{F496EBD2-3E23-4747-96C6-F615A5EA0BB1}.Debug|Any CPU.ActiveCfg = Debug|Any CPU
		{F496EBD2-3E23-4747-96C6-F615A5EA0BB1}.Debug|Any CPU.Build.0 = Debug|Any CPU
		{F496EBD2-3E23-4747-96C6-F615A5EA0BB1}.Release|Any CPU.ActiveCfg = Release|Any CPU
		{F496EBD2-3E23-4747-96C6-F615A5EA0BB1}.Release|Any CPU.Build.0 = Release|Any CPU
	EndGlobalSection
	GlobalSection(SolutionProperties) = preSolution
		HideSolutionNode = FALSE
	EndGlobalSection
	GlobalSection(ExtensibilityGlobals) = postSolution
		SolutionGuid = {4DCC33C8-487D-41ED-852B-915DA785C461}
	EndGlobalSection
EndGlobal
