
Microsoft Visual Studio Solution File, Format Version 12.00
# Visual Studio Version 17
VisualStudioVersion = 17.13.35919.96 d17.13
MinimumVisualStudioVersion = 10.0.40219.1
Project("{FAE04EC0-301F-11D3-BF4B-00C04F79EFBC}") = "Ex_4", "Ex_4\Ex_4.csproj", "{AB2B4107-5ED5-49DC-8D49-71B1A652C27B}"
EndProject
Global
	GlobalSection(SolutionConfigurationPlatforms) = preSolution
		Debug|Any CPU = Debug|Any CPU
		Release|Any CPU = Release|Any CPU
	EndGlobalSection
	GlobalSection(ProjectConfigurationPlatforms) = postSolution
		{AB2B4107-5ED5-49DC-8D49-71B1A652C27B}.Debug|Any CPU.ActiveCfg = Debug|Any CPU
		{AB2B4107-5ED5-49DC-8D49-71B1A652C27B}.Debug|Any CPU.Build.0 = Debug|Any CPU
		{AB2B4107-5ED5-49DC-8D49-71B1A652C27B}.Release|Any CPU.ActiveCfg = Release|Any CPU
		{AB2B4107-5ED5-49DC-8D49-71B1A652C27B}.Release|Any CPU.Build.0 = Release|Any CPU
	EndGlobalSection
	GlobalSection(SolutionProperties) = preSolution
		HideSolutionNode = FALSE
	EndGlobalSection
	GlobalSection(ExtensibilityGlobals) = postSolution
		SolutionGuid = {39CB9D7B-00B1-4026-B1D7-2E046F586A9A}
	EndGlobalSection
EndGlobal
